// !$*UTF8*$!
{
	archiveVersion = 1;
	classes = {
	};
	objectVersion = 46;
	objects = {

/* Begin PBXBuildFile section */
		AA70B1661AD3061C00DEEEB7 /* main.m in Sources */ = {isa = PBXBuildFile; fileRef = AA70B1651AD3061C00DEEEB7 /* main.m */; };
		AA70B1691AD3061C00DEEEB7 /* AppDelegate.m in Sources */ = {isa = PBXBuildFile; fileRef = AA70B1681AD3061C00DEEEB7 /* AppDelegate.m */; };
		AA70B16F1AD3061D00DEEEB7 /* Main.storyboard in Resources */ = {isa = PBXBuildFile; fileRef = AA70B16D1AD3061D00DEEEB7 /* Main.storyboard */; };
		AA70B1711AD3061D00DEEEB7 /* Images.xcassets in Resources */ = {isa = PBXBuildFile; fileRef = AA70B1701AD3061D00DEEEB7 /* Images.xcassets */; };
		AA70B1741AD3061D00DEEEB7 /* LaunchScreen.xib in Resources */ = {isa = PBXBuildFile; fileRef = AA70B1721AD3061D00DEEEB7 /* LaunchScreen.xib */; };
		AA70B1801AD3061D00DEEEB7 /* Lab10_JSONrpcTests.m in Sources */ = {isa = PBXBuildFile; fileRef = AA70B17F1AD3061D00DEEEB7 /* Lab10_JSONrpcTests.m */; };
		AA70B1931AD30B6A00DEEEB7 /* ViewController.m in Sources */ = {isa = PBXBuildFile; fileRef = AA70B18A1AD30B6A00DEEEB7 /* ViewController.m */; };
		AA70B1941AD30B6A00DEEEB7 /* Waypoint.m in Sources */ = {isa = PBXBuildFile; fileRef = AA70B18C1AD30B6A00DEEEB7 /* Waypoint.m */; };
		AA70B1951AD30B6A00DEEEB7 /* WaypointTableViewController.m in Sources */ = {isa = PBXBuildFile; fileRef = AA70B18E1AD30B6A00DEEEB7 /* WaypointTableViewController.m */; };
		AA70B1961AD30B6A00DEEEB7 /* WaypointLibrary.m in Sources */ = {isa = PBXBuildFile; fileRef = AA70B1901AD30B6A00DEEEB7 /* WaypointLibrary.m */; };
		AA70B1971AD30B6A00DEEEB7 /* AddWaypointController.m in Sources */ = {isa = PBXBuildFile; fileRef = AA70B1921AD30B6A00DEEEB7 /* AddWaypointController.m */; };
		AA70B19A1AD31AA300DEEEB7 /* ServerProxy.m in Sources */ = {isa = PBXBuildFile; fileRef = AA70B1991AD31AA300DEEEB7 /* ServerProxy.m */; };
/* End PBXBuildFile section */

/* Begin PBXContainerItemProxy section */
		AA70B17A1AD3061D00DEEEB7 /* PBXContainerItemProxy */ = {
			isa = PBXContainerItemProxy;
			containerPortal = AA70B1581AD3061C00DEEEB7 /* Project object */;
			proxyType = 1;
			remoteGlobalIDString = AA70B15F1AD3061C00DEEEB7;
			remoteInfo = Lab10_JSONrpc;
		};
/* End PBXContainerItemProxy section */

/* Begin PBXFileReference section */
		AA70B1601AD3061C00DEEEB7 /* Lab10_JSONrpc.app */ = {isa = PBXFileReference; explicitFileType = wrapper.application; includeInIndex = 0; path = Lab10_JSONrpc.app; sourceTree = BUILT_PRODUCTS_DIR; };
		AA70B1641AD3061C00DEEEB7 /* Info.plist */ = {isa = PBXFileReference; lastKnownFileType = text.plist.xml; path = Info.plist; sourceTree = "<group>"; };
		AA70B1651AD3061C00DEEEB7 /* main.m */ = {isa = PBXFileReference; lastKnownFileType = sourcecode.c.objc; path = main.m; sourceTree = "<group>"; };
		AA70B1671AD3061C00DEEEB7 /* AppDelegate.h */ = {isa = PBXFileReference; lastKnownFileType = sourcecode.c.h; path = AppDelegate.h; sourceTree = "<group>"; };
		AA70B1681AD3061C00DEEEB7 /* AppDelegate.m */ = {isa = PBXFileReference; lastKnownFileType = sourcecode.c.objc; path = AppDelegate.m; sourceTree = "<group>"; };
		AA70B16E1AD3061D00DEEEB7 /* Base */ = {isa = PBXFileReference; lastKnownFileType = file.storyboard; name = Base; path = Base.lproj/Main.storyboard; sourceTree = "<group>"; };
		AA70B1701AD3061D00DEEEB7 /* Images.xcassets */ = {isa = PBXFileReference; lastKnownFileType = folder.assetcatalog; path = Images.xcassets; sourceTree = "<group>"; };
		AA70B1731AD3061D00DEEEB7 /* Base */ = {isa = PBXFileReference; lastKnownFileType = file.xib; name = Base; path = Base.lproj/LaunchScreen.xib; sourceTree = "<group>"; };
		AA70B1791AD3061D00DEEEB7 /* Lab10_JSONrpcTests.xctest */ = {isa = PBXFileReference; explicitFileType = wrapper.cfbundle; includeInIndex = 0; path = Lab10_JSONrpcTests.xctest; sourceTree = BUILT_PRODUCTS_DIR; };
		AA70B17E1AD3061D00DEEEB7 /* Info.plist */ = {isa = PBXFileReference; lastKnownFileType = text.plist.xml; path = Info.plist; sourceTree = "<group>"; };
		AA70B17F1AD3061D00DEEEB7 /* Lab10_JSONrpcTests.m */ = {isa = PBXFileReference; lastKnownFileType = sourcecode.c.objc; path = Lab10_JSONrpcTests.m; sourceTree = "<group>"; };
		AA70B1891AD30B6A00DEEEB7 /* ViewController.h */ = {isa = PBXFileReference; fileEncoding = 4; lastKnownFileType = sourcecode.c.h; name = ViewController.h; path = ../../lab9tableview/lab9TableViews/ViewController.h; sourceTree = "<group>"; };
		AA70B18A1AD30B6A00DEEEB7 /* ViewController.m */ = {isa = PBXFileReference; fileEncoding = 4; lastKnownFileType = sourcecode.c.objc; name = ViewController.m; path = ../../lab9tableview/lab9TableViews/ViewController.m; sourceTree = "<group>"; };
		AA70B18B1AD30B6A00DEEEB7 /* Waypoint.h */ = {isa = PBXFileReference; fileEncoding = 4; lastKnownFileType = sourcecode.c.h; name = Waypoint.h; path = ../../lab9tableview/lab9TableViews/Waypoint.h; sourceTree = "<group>"; };
		AA70B18C1AD30B6A00DEEEB7 /* Waypoint.m */ = {isa = PBXFileReference; fileEncoding = 4; lastKnownFileType = sourcecode.c.objc; name = Waypoint.m; path = ../../lab9tableview/lab9TableViews/Waypoint.m; sourceTree = "<group>"; };
		AA70B18D1AD30B6A00DEEEB7 /* WaypointTableViewController.h */ = {isa = PBXFileReference; fileEncoding = 4; lastKnownFileType = sourcecode.c.h; name = WaypointTableViewController.h; path = ../../lab9tableview/lab9TableViews/WaypointTableViewController.h; sourceTree = "<group>"; };
		AA70B18E1AD30B6A00DEEEB7 /* WaypointTableViewController.m */ = {isa = PBXFileReference; fileEncoding = 4; lastKnownFileType = sourcecode.c.objc; name = WaypointTableViewController.m; path = ../../lab9tableview/lab9TableViews/WaypointTableViewController.m; sourceTree = "<group>"; };
		AA70B18F1AD30B6A00DEEEB7 /* WaypointLibrary.h */ = {isa = PBXFileReference; fileEncoding = 4; lastKnownFileType = sourcecode.c.h; name = WaypointLibrary.h; path = ../../lab9tableview/lab9TableViews/WaypointLibrary.h; sourceTree = "<group>"; };
		AA70B1901AD30B6A00DEEEB7 /* WaypointLibrary.m */ = {isa = PBXFileReference; fileEncoding = 4; lastKnownFileType = sourcecode.c.objc; name = WaypointLibrary.m; path = ../../lab9tableview/lab9TableViews/WaypointLibrary.m; sourceTree = "<group>"; };
		AA70B1911AD30B6A00DEEEB7 /* AddWaypointController.h */ = {isa = PBXFileReference; fileEncoding = 4; lastKnownFileType = sourcecode.c.h; name = AddWaypointController.h; path = ../../lab9tableview/lab9TableViews/AddWaypointController.h; sourceTree = "<group>"; };
		AA70B1921AD30B6A00DEEEB7 /* AddWaypointController.m */ = {isa = PBXFileReference; fileEncoding = 4; lastKnownFileType = sourcecode.c.objc; name = AddWaypointController.m; path = ../../lab9tableview/lab9TableViews/AddWaypointController.m; sourceTree = "<group>"; };
		AA70B1981AD31AA300DEEEB7 /* ServerProxy.h */ = {isa = PBXFileReference; fileEncoding = 4; lastKnownFileType = sourcecode.c.h; path = ServerProxy.h; sourceTree = "<group>"; };
		AA70B1991AD31AA300DEEEB7 /* ServerProxy.m */ = {isa = PBXFileReference; fileEncoding = 4; lastKnownFileType = sourcecode.c.objc; path = ServerProxy.m; sourceTree = "<group>"; };
/* End PBXFileReference section */

/* Begin PBXFrameworksBuildPhase section */
		AA70B15D1AD3061C00DEEEB7 /* Frameworks */ = {
			isa = PBXFrameworksBuildPhase;
			buildActionMask = 2147483647;
			files = (
			);
			runOnlyForDeploymentPostprocessing = 0;
		};
		AA70B1761AD3061D00DEEEB7 /* Frameworks */ = {
			isa = PBXFrameworksBuildPhase;
			buildActionMask = 2147483647;
			files = (
			);
			runOnlyForDeploymentPostprocessing = 0;
		};
/* End PBXFrameworksBuildPhase section */

/* Begin PBXGroup section */
		AA70B1571AD3061C00DEEEB7 = {
			isa = PBXGroup;
			children = (
				AA70B1621AD3061C00DEEEB7 /* Lab10_JSONrpc */,
				AA70B17C1AD3061D00DEEEB7 /* Lab10_JSONrpcTests */,
				AA70B1611AD3061C00DEEEB7 /* Products */,
			);
			sourceTree = "<group>";
		};
		AA70B1611AD3061C00DEEEB7 /* Products */ = {
			isa = PBXGroup;
			children = (
				AA70B1601AD3061C00DEEEB7 /* Lab10_JSONrpc.app */,
				AA70B1791AD3061D00DEEEB7 /* Lab10_JSONrpcTests.xctest */,
			);
			name = Products;
			sourceTree = "<group>";
		};
		AA70B1621AD3061C00DEEEB7 /* Lab10_JSONrpc */ = {
			isa = PBXGroup;
			children = (
				AA70B1891AD30B6A00DEEEB7 /* ViewController.h */,
				AA70B18A1AD30B6A00DEEEB7 /* ViewController.m */,
				AA70B18B1AD30B6A00DEEEB7 /* Waypoint.h */,
				AA70B18C1AD30B6A00DEEEB7 /* Waypoint.m */,
				AA70B18D1AD30B6A00DEEEB7 /* WaypointTableViewController.h */,
				AA70B18E1AD30B6A00DEEEB7 /* WaypointTableViewController.m */,
				AA70B18F1AD30B6A00DEEEB7 /* WaypointLibrary.h */,
				AA70B1901AD30B6A00DEEEB7 /* WaypointLibrary.m */,
				AA70B1911AD30B6A00DEEEB7 /* AddWaypointController.h */,
				AA70B1921AD30B6A00DEEEB7 /* AddWaypointController.m */,
				AA70B1671AD3061C00DEEEB7 /* AppDelegate.h */,
				AA70B1681AD3061C00DEEEB7 /* AppDelegate.m */,
				AA70B16D1AD3061D00DEEEB7 /* Main.storyboard */,
				AA70B1701AD3061D00DEEEB7 /* Images.xcassets */,
				AA70B1721AD3061D00DEEEB7 /* LaunchScreen.xib */,
				AA70B1631AD3061C00DEEEB7 /* Supporting Files */,
				AA70B1981AD31AA300DEEEB7 /* ServerProxy.h */,
				AA70B1991AD31AA300DEEEB7 /* ServerProxy.m */,
			);
			path = Lab10_JSONrpc;
			sourceTree = "<group>";
		};
		AA70B1631AD3061C00DEEEB7 /* Supporting Files */ = {
			isa = PBXGroup;
			children = (
				AA70B1641AD3061C00DEEEB7 /* Info.plist */,
				AA70B1651AD3061C00DEEEB7 /* main.m */,
			);
			name = "Supporting Files";
			sourceTree = "<group>";
		};
		AA70B17C1AD3061D00DEEEB7 /* Lab10_JSONrpcTests */ = {
			isa = PBXGroup;
			children = (
				AA70B17F1AD3061D00DEEEB7 /* Lab10_JSONrpcTests.m */,
				AA70B17D1AD3061D00DEEEB7 /* Supporting Files */,
			);
			path = Lab10_JSONrpcTests;
			sourceTree = "<group>";
		};
		AA70B17D1AD3061D00DEEEB7 /* Supporting Files */ = {
			isa = PBXGroup;
			children = (
				AA70B17E1AD3061D00DEEEB7 /* Info.plist */,
			);
			name = "Supporting Files";
			sourceTree = "<group>";
		};
/* End PBXGroup section */

/* Begin PBXNativeTarget section */
		AA70B15F1AD3061C00DEEEB7 /* Lab10_JSONrpc */ = {
			isa = PBXNativeTarget;
			buildConfigurationList = AA70B1831AD3061D00DEEEB7 /* Build configuration list for PBXNativeTarget "Lab10_JSONrpc" */;
			buildPhases = (
				AA70B15C1AD3061C00DEEEB7 /* Sources */,
				AA70B15D1AD3061C00DEEEB7 /* Frameworks */,
				AA70B15E1AD3061C00DEEEB7 /* Resources */,
			);
			buildRules = (
			);
			dependencies = (
			);
			name = Lab10_JSONrpc;
			productName = Lab10_JSONrpc;
			productReference = AA70B1601AD3061C00DEEEB7 /* Lab10_JSONrpc.app */;
			productType = "com.apple.product-type.application";
		};
		AA70B1781AD3061D00DEEEB7 /* Lab10_JSONrpcTests */ = {
			isa = PBXNativeTarget;
			buildConfigurationList = AA70B1861AD3061D00DEEEB7 /* Build configuration list for PBXNativeTarget "Lab10_JSONrpcTests" */;
			buildPhases = (
				AA70B1751AD3061D00DEEEB7 /* Sources */,
				AA70B1761AD3061D00DEEEB7 /* Frameworks */,
				AA70B1771AD3061D00DEEEB7 /* Resources */,
			);
			buildRules = (
			);
			dependencies = (
				AA70B17B1AD3061D00DEEEB7 /* PBXTargetDependency */,
			);
			name = Lab10_JSONrpcTests;
			productName = Lab10_JSONrpcTests;
			productReference = AA70B1791AD3061D00DEEEB7 /* Lab10_JSONrpcTests.xctest */;
			productType = "com.apple.product-type.bundle.unit-test";
		};
/* End PBXNativeTarget section */

/* Begin PBXProject section */
		AA70B1581AD3061C00DEEEB7 /* Project object */ = {
			isa = PBXProject;
			attributes = {
				LastUpgradeCheck = 0610;
				ORGANIZATIONNAME = biespana;
				TargetAttributes = {
					AA70B15F1AD3061C00DEEEB7 = {
						CreatedOnToolsVersion = 6.1.1;
					};
					AA70B1781AD3061D00DEEEB7 = {
						CreatedOnToolsVersion = 6.1.1;
						TestTargetID = AA70B15F1AD3061C00DEEEB7;
					};
				};
			};
			buildConfigurationList = AA70B15B1AD3061C00DEEEB7 /* Build configuration list for PBXProject "Lab10_JSONrpc" */;
			compatibilityVersion = "Xcode 3.2";
			developmentRegion = English;
			hasScannedForEncodings = 0;
			knownRegions = (
				en,
				Base,
			);
			mainGroup = AA70B1571AD3061C00DEEEB7;
			productRefGroup = AA70B1611AD3061C00DEEEB7 /* Products */;
			projectDirPath = "";
			projectRoot = "";
			targets = (
				AA70B15F1AD3061C00DEEEB7 /* Lab10_JSONrpc */,
				AA70B1781AD3061D00DEEEB7 /* Lab10_JSONrpcTests */,
			);
		};
/* End PBXProject section */

/* Begin PBXResourcesBuildPhase section */
		AA70B15E1AD3061C00DEEEB7 /* Resources */ = {
			isa = PBXResourcesBuildPhase;
			buildActionMask = 2147483647;
			files = (
				AA70B16F1AD3061D00DEEEB7 /* Main.storyboard in Resources */,
				AA70B1741AD3061D00DEEEB7 /* LaunchScreen.xib in Resources */,
				AA70B1711AD3061D00DEEEB7 /* Images.xcassets in Resources */,
			);
			runOnlyForDeploymentPostprocessing = 0;
		};
		AA70B1771AD3061D00DEEEB7 /* Resources */ = {
			isa = PBXResourcesBuildPhase;
			buildActionMask = 2147483647;
			files = (
			);
			runOnlyForDeploymentPostprocessing = 0;
		};
/* End PBXResourcesBuildPhase section */

/* Begin PBXSourcesBuildPhase section */
		AA70B15C1AD3061C00DEEEB7 /* Sources */ = {
			isa = PBXSourcesBuildPhase;
			buildActionMask = 2147483647;
			files = (
				AA70B1951AD30B6A00DEEEB7 /* WaypointTableViewController.m in Sources */,
				AA70B19A1AD31AA300DEEEB7 /* ServerProxy.m in Sources */,
				AA70B1971AD30B6A00DEEEB7 /* AddWaypointController.m in Sources */,
				AA70B1941AD30B6A00DEEEB7 /* Waypoint.m in Sources */,
				AA70B1691AD3061C00DEEEB7 /* AppDelegate.m in Sources */,
				AA70B1931AD30B6A00DEEEB7 /* ViewController.m in Sources */,
				AA70B1661AD3061C00DEEEB7 /* main.m in Sources */,
				AA70B1961AD30B6A00DEEEB7 /* WaypointLibrary.m in Sources */,
			);
			runOnlyForDeploymentPostprocessing = 0;
		};
		AA70B1751AD3061D00DEEEB7 /* Sources */ = {
			isa = PBXSourcesBuildPhase;
			buildActionMask = 2147483647;
			files = (
				AA70B1801AD3061D00DEEEB7 /* Lab10_JSONrpcTests.m in Sources */,
			);
			runOnlyForDeploymentPostprocessing = 0;
		};
/* End PBXSourcesBuildPhase section */

/* Begin PBXTargetDependency section */
		AA70B17B1AD3061D00DEEEB7 /* PBXTargetDependency */ = {
			isa = PBXTargetDependency;
			target = AA70B15F1AD3061C00DEEEB7 /* Lab10_JSONrpc */;
			targetProxy = AA70B17A1AD3061D00DEEEB7 /* PBXContainerItemProxy */;
		};
/* End PBXTargetDependency section */

/* Begin PBXVariantGroup section */
		AA70B16D1AD3061D00DEEEB7 /* Main.storyboard */ = {
			isa = PBXVariantGroup;
			children = (
				AA70B16E1AD3061D00DEEEB7 /* Base */,
			);
			name = Main.storyboard;
			sourceTree = "<group>";
		};
		AA70B1721AD3061D00DEEEB7 /* LaunchScreen.xib */ = {
			isa = PBXVariantGroup;
			children = (
				AA70B1731AD3061D00DEEEB7 /* Base */,
			);
			name = LaunchScreen.xib;
			sourceTree = "<group>";
		};
/* End PBXVariantGroup section */

/* Begin XCBuildConfiguration section */
		AA70B1811AD3061D00DEEEB7 /* Debug */ = {
			isa = XCBuildConfiguration;
			buildSettings = {
				ALWAYS_SEARCH_USER_PATHS = NO;
				CLANG_CXX_LANGUAGE_STANDARD = "gnu++0x";
				CLANG_CXX_LIBRARY = "libc++";
				CLANG_ENABLE_MODULES = YES;
				CLANG_ENABLE_OBJC_ARC = YES;
				CLANG_WARN_BOOL_CONVERSION = YES;
				CLANG_WARN_CONSTANT_CONVERSION = YES;
				CLANG_WARN_DIRECT_OBJC_ISA_USAGE = YES_ERROR;
				CLANG_WARN_EMPTY_BODY = YES;
				CLANG_WARN_ENUM_CONVERSION = YES;
				CLANG_WARN_INT_CONVERSION = YES;
				CLANG_WARN_OBJC_ROOT_CLASS = YES_ERROR;
				CLANG_WARN_UNREACHABLE_CODE = YES;
				CLANG_WARN__DUPLICATE_METHOD_MATCH = YES;
				"CODE_SIGN_IDENTITY[sdk=iphoneos*]" = "iPhone Developer";
				COPY_PHASE_STRIP = NO;
				ENABLE_STRICT_OBJC_MSGSEND = YES;
				GCC_C_LANGUAGE_STANDARD = gnu99;
				GCC_DYNAMIC_NO_PIC = NO;
				GCC_OPTIMIZATION_LEVEL = 0;
				GCC_PREPROCESSOR_DEFINITIONS = (
					"DEBUG=1",
					"$(inherited)",
				);
				GCC_SYMBOLS_PRIVATE_EXTERN = NO;
				GCC_WARN_64_TO_32_BIT_CONVERSION = YES;
				GCC_WARN_ABOUT_RETURN_TYPE = YES_ERROR;
				GCC_WARN_UNDECLARED_SELECTOR = YES;
				GCC_WARN_UNINITIALIZED_AUTOS = YES_AGGRESSIVE;
				GCC_WARN_UNUSED_FUNCTION = YES;
				GCC_WARN_UNUSED_VARIABLE = YES;
				IPHONEOS_DEPLOYMENT_TARGET = 8.1;
				MTL_ENABLE_DEBUG_INFO = YES;
				ONLY_ACTIVE_ARCH = YES;
				SDKROOT = iphoneos;
				TARGETED_DEVICE_FAMILY = "1,2";
			};
			name = Debug;
		};
		AA70B1821AD3061D00DEEEB7 /* Release */ = {
			isa = XCBuildConfiguration;
			buildSettings = {
				ALWAYS_SEARCH_USER_PATHS = NO;
				CLANG_CXX_LANGUAGE_STANDARD = "gnu++0x";
				CLANG_CXX_LIBRARY = "libc++";
				CLANG_ENABLE_MODULES = YES;
				CLANG_ENABLE_OBJC_ARC = YES;
				CLANG_WARN_BOOL_CONVERSION = YES;
				CLANG_WARN_CONSTANT_CONVERSION = YES;
				CLANG_WARN_DIRECT_OBJC_ISA_USAGE = YES_ERROR;
				CLANG_WARN_EMPTY_BODY = YES;
				CLANG_WARN_ENUM_CONVERSION = YES;
				CLANG_WARN_INT_CONVERSION = YES;
				CLANG_WARN_OBJC_ROOT_CLASS = YES_ERROR;
				CLANG_WARN_UNREACHABLE_CODE = YES;
				CLANG_WARN__DUPLICATE_METHOD_MATCH = YES;
				"CODE_SIGN_IDENTITY[sdk=iphoneos*]" = "iPhone Developer";
				COPY_PHASE_STRIP = YES;
				ENABLE_NS_ASSERTIONS = NO;
				ENABLE_STRICT_OBJC_MSGSEND = YES;
				GCC_C_LANGUAGE_STANDARD = gnu99;
				GCC_WARN_64_TO_32_BIT_CONVERSION = YES;
				GCC_WARN_ABOUT_RETURN_TYPE = YES_ERROR;
				GCC_WARN_UNDECLARED_SELECTOR = YES;
				GCC_WARN_UNINITIALIZED_AUTOS = YES_AGGRESSIVE;
				GCC_WARN_UNUSED_FUNCTION = YES;
				GCC_WARN_UNUSED_VARIABLE = YES;
				IPHONEOS_DEPLOYMENT_TARGET = 8.1;
				MTL_ENABLE_DEBUG_INFO = NO;
				SDKROOT = iphoneos;
				TARGETED_DEVICE_FAMILY = "1,2";
				VALIDATE_PRODUCT = YES;
			};
			name = Release;
		};
		AA70B1841AD3061D00DEEEB7 /* Debug */ = {
			isa = XCBuildConfiguration;
			buildSettings = {
				ASSETCATALOG_COMPILER_APPICON_NAME = AppIcon;
				INFOPLIST_FILE = Lab10_JSONrpc/Info.plist;
				LD_RUNPATH_SEARCH_PATHS = "$(inherited) @executable_path/Frameworks";
				PRODUCT_NAME = "$(TARGET_NAME)";
			};
			name = Debug;
		};
		AA70B1851AD3061D00DEEEB7 /* Release */ = {
			isa = XCBuildConfiguration;
			buildSettings = {
				ASSETCATALOG_COMPILER_APPICON_NAME = AppIcon;
				INFOPLIST_FILE = Lab10_JSONrpc/Info.plist;
				LD_RUNPATH_SEARCH_PATHS = "$(inherited) @executable_path/Frameworks";
				PRODUCT_NAME = "$(TARGET_NAME)";
			};
			name = Release;
		};
		AA70B1871AD3061D00DEEEB7 /* Debug */ = {
			isa = XCBuildConfiguration;
			buildSettings = {
				BUNDLE_LOADER = "$(TEST_HOST)";
				FRAMEWORK_SEARCH_PATHS = (
					"$(SDKROOT)/Developer/Library/Frameworks",
					"$(inherited)",
				);
				GCC_PREPROCESSOR_DEFINITIONS = (
					"DEBUG=1",
					"$(inherited)",
				);
				INFOPLIST_FILE = Lab10_JSONrpcTests/Info.plist;
				LD_RUNPATH_SEARCH_PATHS = "$(inherited) @executable_path/Frameworks @loader_path/Frameworks";
				PRODUCT_NAME = "$(TARGET_NAME)";
				TEST_HOST = "$(BUILT_PRODUCTS_DIR)/Lab10_JSONrpc.app/Lab10_JSONrpc";
			};
			name = Debug;
		};
		AA70B1881AD3061D00DEEEB7 /* Release */ = {
			isa = XCBuildConfiguration;
			buildSettings = {
				BUNDLE_LOADER = "$(TEST_HOST)";
				FRAMEWORK_SEARCH_PATHS = (
					"$(SDKROOT)/Developer/Library/Frameworks",
					"$(inherited)",
				);
				INFOPLIST_FILE = Lab10_JSONrpcTests/Info.plist;
				LD_RUNPATH_SEARCH_PATHS = "$(inherited) @executable_path/Frameworks @loader_path/Frameworks";
				PRODUCT_NAME = "$(TARGET_NAME)";
				TEST_HOST = "$(BUILT_PRODUCTS_DIR)/Lab10_JSONrpc.app/Lab10_JSONrpc";
			};
			name = Release;
		};
/* End XCBuildConfiguration section */

/* Begin XCConfigurationList section */
		AA70B15B1AD3061C00DEEEB7 /* Build configuration list for PBXProject "Lab10_JSONrpc" */ = {
			isa = XCConfigurationList;
			buildConfigurations = (
				AA70B1811AD3061D00DEEEB7 /* Debug */,
				AA70B1821AD3061D00DEEEB7 /* Release */,
			);
			defaultConfigurationIsVisible = 0;
			defaultConfigurationName = Release;
		};
		AA70B1831AD3061D00DEEEB7 /* Build configuration list for PBXNativeTarget "Lab10_JSONrpc" */ = {
			isa = XCConfigurationList;
			buildConfigurations = (
				AA70B1841AD3061D00DEEEB7 /* Debug */,
				AA70B1851AD3061D00DEEEB7 /* Release */,
			);
			defaultConfigurationIsVisible = 0;
		};
		AA70B1861AD3061D00DEEEB7 /* Build configuration list for PBXNativeTarget "Lab10_JSONrpcTests" */ = {
			isa = XCConfigurationList;
			buildConfigurations = (
				AA70B1871AD3061D00DEEEB7 /* Debug */,
				AA70B1881AD3061D00DEEEB7 /* Release */,
			);
			defaultConfigurationIsVisible = 0;
		};
/* End XCConfigurationList section */
	};
	rootObject = AA70B1581AD3061C00DEEEB7 /* Project object */;
}
